
Microsoft Visual Studio Solution File, Format Version 11.00
# Visual Studio 2010
Project("{8BC9CEB8-8B4A-11D0-8D11-00A0C91BC942}") = "Proj1111", "Proj1111\Proj1111.vcxproj", "{30C23AD1-22F8-42EC-B2C5-AB56F9D842E3}"
EndProject
Project("{8BC9CEB8-8B4A-11D0-8D11-00A0C91BC942}") = "Proj1111_2", "Proj1111_2\Proj1111_2.vcxproj", "{82686D87-D79C-416E-8CEA-5CE043A483C5}"
EndProject
Project("{8BC9CEB8-8B4A-11D0-8D11-00A0C91BC942}") = "Proj1111_3", "Proj1111_3\Proj1111_3.vcxproj", "{9DD9B2E0-5961-462B-982B-49BA46DE9394}"
EndProject
Global
	GlobalSection(SolutionConfigurationPlatforms) = preSolution
		Debug|Win32 = Debug|Win32
		Release|Win32 = Release|Win32
	EndGlobalSection
	GlobalSection(ProjectConfigurationPlatforms) = postSolution
		{30C23AD1-22F8-42EC-B2C5-AB56F9D842E3}.Debug|Win32.ActiveCfg = Debug|Win32
		{30C23AD1-22F8-42EC-B2C5-AB56F9D842E3}.Debug|Win32.Build.0 = Debug|Win32
		{30C23AD1-22F8-42EC-B2C5-AB56F9D842E3}.Release|Win32.ActiveCfg = Release|Win32
		{30C23AD1-22F8-42EC-B2C5-AB56F9D842E3}.Release|Win32.Build.0 = Release|Win32
		{82686D87-D79C-416E-8CEA-5CE043A483C5}.Debug|Win32.ActiveCfg = Debug|Win32
		{82686D87-D79C-416E-8CEA-5CE043A483C5}.Debug|Win32.Build.0 = Debug|Win32
		{82686D87-D79C-416E-8CEA-5CE043A483C5}.Release|Win32.ActiveCfg = Release|Win32
		{82686D87-D79C-416E-8CEA-5CE043A483C5}.Release|Win32.Build.0 = Release|Win32
		{9DD9B2E0-5961-462B-982B-49BA46DE9394}.Debug|Win32.ActiveCfg = Debug|Win32
		{9DD9B2E0-5961-462B-982B-49BA46DE9394}.Debug|Win32.Build.0 = Debug|Win32
		{9DD9B2E0-5961-462B-982B-49BA46DE9394}.Release|Win32.ActiveCfg = Release|Win32
		{9DD9B2E0-5961-462B-982B-49BA46DE9394}.Release|Win32.Build.0 = Release|Win32
	EndGlobalSection
	GlobalSection(SolutionProperties) = preSolution
		HideSolutionNode = FALSE
	EndGlobalSection
EndGlobal
